// !$*UTF8*$!
{
	archiveVersion = 1;
	classes = {
	};
	objectVersion = 54;
	objects = {

/* Begin PBXBuildFile section */
		792EBDF92A23AED0CA852CB7 /* Pods_RealmExampleProject.framework in Frameworks */ = {isa = PBXBuildFile; fileRef = B9D2EC0A4848FE32208451E3 /* Pods_RealmExampleProject.framework */; };
		8D1C93DB2683731400335710 /* AppDelegate.swift in Sources */ = {isa = PBXBuildFile; fileRef = 8D1C93DA2683731400335710 /* AppDelegate.swift */; };
		8D1C93DD2683731400335710 /* SceneDelegate.swift in Sources */ = {isa = PBXBuildFile; fileRef = 8D1C93DC2683731400335710 /* SceneDelegate.swift */; };
		8D1C93DF2683731500335710 /* ViewController.swift in Sources */ = {isa = PBXBuildFile; fileRef = 8D1C93DE2683731400335710 /* ViewController.swift */; };
		8D1C93E22683731500335710 /* Main.storyboard in Resources */ = {isa = PBXBuildFile; fileRef = 8D1C93E02683731500335710 /* Main.storyboard */; };
		8D1C93E42683731800335710 /* Assets.xcassets in Resources */ = {isa = PBXBuildFile; fileRef = 8D1C93E32683731800335710 /* Assets.xcassets */; };
		8D1C93E72683731800335710 /* LaunchScreen.storyboard in Resources */ = {isa = PBXBuildFile; fileRef = 8D1C93E52683731800335710 /* LaunchScreen.storyboard */; };
		8DCF135D2683BC63002DC9CC /* Model.swift in Sources */ = {isa = PBXBuildFile; fileRef = 8DCF135C2683BC63002DC9CC /* Model.swift */; };
/* End PBXBuildFile section */

/* Begin PBXFileReference section */
		64F6E764A2312F3401BA98E8 /* Pods-RealmExampleProject.release.xcconfig */ = {isa = PBXFileReference; includeInIndex = 1; lastKnownFileType = text.xcconfig; name = "Pods-RealmExampleProject.release.xcconfig"; path = "Target Support Files/Pods-RealmExampleProject/Pods-RealmExampleProject.release.xcconfig"; sourceTree = "<group>"; };
		8D1C93D72683731400335710 /* RealmExampleProject.app */ = {isa = PBXFileReference; explicitFileType = wrapper.application; includeInIndex = 0; path = RealmExampleProject.app; sourceTree = BUILT_PRODUCTS_DIR; };
		8D1C93DA2683731400335710 /* AppDelegate.swift */ = {isa = PBXFileReference; lastKnownFileType = sourcecode.swift; path = AppDelegate.swift; sourceTree = "<group>"; };
		8D1C93DC2683731400335710 /* SceneDelegate.swift */ = {isa = PBXFileReference; lastKnownFileType = sourcecode.swift; path = SceneDelegate.swift; sourceTree = "<group>"; };
		8D1C93DE2683731400335710 /* ViewController.swift */ = {isa = PBXFileReference; lastKnownFileType = sourcecode.swift; path = ViewController.swift; sourceTree = "<group>"; };
		8D1C93E12683731500335710 /* Base */ = {isa = PBXFileReference; lastKnownFileType = file.storyboard; name = Base; path = Base.lproj/Main.storyboard; sourceTree = "<group>"; };
		8D1C93E32683731800335710 /* Assets.xcassets */ = {isa = PBXFileReference; lastKnownFileType = folder.assetcatalog; path = Assets.xcassets; sourceTree = "<group>"; };
		8D1C93E62683731800335710 /* Base */ = {isa = PBXFileReference; lastKnownFileType = file.storyboard; name = Base; path = Base.lproj/LaunchScreen.storyboard; sourceTree = "<group>"; };
		8D1C93E82683731800335710 /* Info.plist */ = {isa = PBXFileReference; lastKnownFileType = text.plist.xml; path = Info.plist; sourceTree = "<group>"; };
		8DCF135C2683BC63002DC9CC /* Model.swift */ = {isa = PBXFileReference; lastKnownFileType = sourcecode.swift; path = Model.swift; sourceTree = "<group>"; };
		B1452C4C758058158D0A7D37 /* Pods-RealmExampleProject.debug.xcconfig */ = {isa = PBXFileReference; includeInIndex = 1; lastKnownFileType = text.xcconfig; name = "Pods-RealmExampleProject.debug.xcconfig"; path = "Target Support Files/Pods-RealmExampleProject/Pods-RealmExampleProject.debug.xcconfig"; sourceTree = "<group>"; };
		B9D2EC0A4848FE32208451E3 /* Pods_RealmExampleProject.framework */ = {isa = PBXFileReference; explicitFileType = wrapper.framework; includeInIndex = 0; path = Pods_RealmExampleProject.framework; sourceTree = BUILT_PRODUCTS_DIR; };
/* End PBXFileReference section */

/* Begin PBXFrameworksBuildPhase section */
		8D1C93D42683731400335710 /* Frameworks */ = {
			isa = PBXFrameworksBuildPhase;
			buildActionMask = 2147483647;
			files = (
				792EBDF92A23AED0CA852CB7 /* Pods_RealmExampleProject.framework in Frameworks */,
			);
			runOnlyForDeploymentPostprocessing = 0;
		};
/* End PBXFrameworksBuildPhase section */

/* Begin PBXGroup section */
		5FF744444BC7B605868A3C09 /* Pods */ = {
			isa = PBXGroup;
			children = (
				B1452C4C758058158D0A7D37 /* Pods-RealmExampleProject.debug.xcconfig */,
				64F6E764A2312F3401BA98E8 /* Pods-RealmExampleProject.release.xcconfig */,
			);
			path = Pods;
			sourceTree = "<group>";
		};
		8D1C93CE2683731400335710 = {
			isa = PBXGroup;
			children = (
				8D1C93D92683731400335710 /* RealmExampleProject */,
				8D1C93D82683731400335710 /* Products */,
				5FF744444BC7B605868A3C09 /* Pods */,
				C4A886B2ADEC578C987FD396 /* Frameworks */,
			);
			sourceTree = "<group>";
		};
		8D1C93D82683731400335710 /* Products */ = {
			isa = PBXGroup;
			children = (
				8D1C93D72683731400335710 /* RealmExampleProject.app */,
			);
			name = Products;
			sourceTree = "<group>";
		};
		8D1C93D92683731400335710 /* RealmExampleProject */ = {
			isa = PBXGroup;
			children = (
				8D1C93DA2683731400335710 /* AppDelegate.swift */,
				8D1C93DC2683731400335710 /* SceneDelegate.swift */,
				8D1C93DE2683731400335710 /* ViewController.swift */,
				8D1C93E02683731500335710 /* Main.storyboard */,
				8D1C93E32683731800335710 /* Assets.xcassets */,
				8D1C93E52683731800335710 /* LaunchScreen.storyboard */,
				8D1C93E82683731800335710 /* Info.plist */,
				8DCF135C2683BC63002DC9CC /* Model.swift */,
			);
			path = RealmExampleProject;
			sourceTree = "<group>";
		};
		C4A886B2ADEC578C987FD396 /* Frameworks */ = {
			isa = PBXGroup;
			children = (
				B9D2EC0A4848FE32208451E3 /* Pods_RealmExampleProject.framework */,
			);
			name = Frameworks;
			sourceTree = "<group>";
		};
/* End PBXGroup section */

/* Begin PBXNativeTarget section */
		8D1C93D62683731400335710 /* RealmExampleProject */ = {
			isa = PBXNativeTarget;
			buildConfigurationList = 8D1C93EB2683731800335710 /* Build configuration list for PBXNativeTarget "RealmExampleProject" */;
			buildPhases = (
				A94DE093C51BEBCB17CB83F5 /* [CP] Check Pods Manifest.lock */,
				8D1C93D32683731400335710 /* Sources */,
				8D1C93D42683731400335710 /* Frameworks */,
				8D1C93D52683731400335710 /* Resources */,
				5F6E9020A32FAABC510CE09B /* [CP] Embed Pods Frameworks */,
			);
			buildRules = (
			);
			dependencies = (
			);
			name = RealmExampleProject;
			productName = RealmExampleProject;
			productReference = 8D1C93D72683731400335710 /* RealmExampleProject.app */;
			productType = "com.apple.product-type.application";
		};
/* End PBXNativeTarget section */

/* Begin PBXProject section */
		8D1C93CF2683731400335710 /* Project object */ = {
			isa = PBXProject;
			attributes = {
				LastSwiftUpdateCheck = 1250;
				LastUpgradeCheck = 1250;
				TargetAttributes = {
					8D1C93D62683731400335710 = {
						CreatedOnToolsVersion = 12.5;
					};
				};
			};
			buildConfigurationList = 8D1C93D22683731400335710 /* Build configuration list for PBXProject "RealmExampleProject" */;
			compatibilityVersion = "Xcode 12.0";
			developmentRegion = en;
			hasScannedForEncodings = 0;
			knownRegions = (
				en,
				Base,
			);
			mainGroup = 8D1C93CE2683731400335710;
			productRefGroup = 8D1C93D82683731400335710 /* Products */;
			projectDirPath = "";
			projectRoot = "";
			targets = (
				8D1C93D62683731400335710 /* RealmExampleProject */,
			);
		};
/* End PBXProject section */

/* Begin PBXResourcesBuildPhase section */
		8D1C93D52683731400335710 /* Resources */ = {
			isa = PBXResourcesBuildPhase;
			buildActionMask = 2147483647;
			files = (
				8D1C93E72683731800335710 /* LaunchScreen.storyboard in Resources */,
				8D1C93E42683731800335710 /* Assets.xcassets in Resources */,
				8D1C93E22683731500335710 /* Main.storyboard in Resources */,
			);
			runOnlyForDeploymentPostprocessing = 0;
		};
/* End PBXResourcesBuildPhase section */

/* Begin PBXShellScriptBuildPhase section */
		5F6E9020A32FAABC510CE09B /* [CP] Embed Pods Frameworks */ = {
			isa = PBXShellScriptBuildPhase;
			buildActionMask = 2147483647;
			files = (
			);
			inputFileListPaths = (
				"${PODS_ROOT}/Target Support Files/Pods-RealmExampleProject/Pods-RealmExampleProject-frameworks-${CONFIGURATION}-input-files.xcfilelist",
			);
			name = "[CP] Embed Pods Frameworks";
			outputFileListPaths = (
				"${PODS_ROOT}/Target Support Files/Pods-RealmExampleProject/Pods-RealmExampleProject-frameworks-${CONFIGURATION}-output-files.xcfilelist",
			);
			runOnlyForDeploymentPostprocessing = 0;
			shellPath = /bin/sh;
			shellScript = "\"${PODS_ROOT}/Target Support Files/Pods-RealmExampleProject/Pods-RealmExampleProject-frameworks.sh\"\n";
			showEnvVarsInLog = 0;
		};
		A94DE093C51BEBCB17CB83F5 /* [CP] Check Pods Manifest.lock */ = {
			isa = PBXShellScriptBuildPhase;
			buildActionMask = 2147483647;
			files = (
			);
			inputFileListPaths = (
			);
			inputPaths = (
				"${PODS_PODFILE_DIR_PATH}/Podfile.lock",
				"${PODS_ROOT}/Manifest.lock",
			);
			name = "[CP] Check Pods Manifest.lock";
			outputFileListPaths = (
			);
			outputPaths = (
				"$(DERIVED_FILE_DIR)/Pods-RealmExampleProject-checkManifestLockResult.txt",
			);
			runOnlyForDeploymentPostprocessing = 0;
			shellPath = /bin/sh;
			shellScript = "diff \"${PODS_PODFILE_DIR_PATH}/Podfile.lock\" \"${PODS_ROOT}/Manifest.lock\" > /dev/null\nif [ $? != 0 ] ; then\n    # print error to STDERR\n    echo \"error: The sandbox is not in sync with the Podfile.lock. Run 'pod install' or update your CocoaPods installation.\" >&2\n    exit 1\nfi\n# This output is used by Xcode 'outputs' to avoid re-running this script phase.\necho \"SUCCESS\" > \"${SCRIPT_OUTPUT_FILE_0}\"\n";
			showEnvVarsInLog = 0;
		};
/* End PBXShellScriptBuildPhase section */

/* Begin PBXSourcesBuildPhase section */
		8D1C93D32683731400335710 /* Sources */ = {
			isa = PBXSourcesBuildPhase;
			buildActionMask = 2147483647;
			files = (
				8D1C93DF2683731500335710 /* ViewController.swift in Sources */,
				8D1C93DB2683731400335710 /* AppDelegate.swift in Sources */,
				8D1C93DD2683731400335710 /* SceneDelegate.swift in Sources */,
				8DCF135D2683BC63002DC9CC /* Model.swift in Sources */,
			);
			runOnlyForDeploymentPostprocessing = 0;
		};
/* End PBXSourcesBuildPhase section */

/* Begin PBXVariantGroup section */
		8D1C93E02683731500335710 /* Main.storyboard */ = {
			isa = PBXVariantGroup;
			children = (
				8D1C93E12683731500335710 /* Base */,
			);
			name = Main.storyboard;
			sourceTree = "<group>";
		};
		8D1C93E52683731800335710 /* LaunchScreen.storyboard */ = {
			isa = PBXVariantGroup;
			children = (
				8D1C93E62683731800335710 /* Base */,
			);
			name = LaunchScreen.storyboard;
			sourceTree = "<group>";
		};
/* End PBXVariantGroup section */

/* Begin XCBuildConfiguration section */
		8D1C93E92683731800335710 /* Debug */ = {
			isa = XCBuildConfiguration;
			buildSettings = {
				ALWAYS_SEARCH_USER_PATHS = NO;
				CLANG_ANALYZER_NONNULL = YES;
				CLANG_ANALYZER_NUMBER_OBJECT_CONVERSION = YES_AGGRESSIVE;
				CLANG_CXX_LANGUAGE_STANDARD = "gnu++14";
				CLANG_CXX_LIBRARY = "libc++";
				CLANG_ENABLE_MODULES = YES;
				CLANG_ENABLE_OBJC_ARC = YES;
				CLANG_ENABLE_OBJC_WEAK = YES;
				CLANG_WARN_BLOCK_CAPTURE_AUTORELEASING = YES;
				CLANG_WARN_BOOL_CONVERSION = YES;
				CLANG_WARN_COMMA = YES;
				CLANG_WARN_CONSTANT_CONVERSION = YES;
				CLANG_WARN_DEPRECATED_OBJC_IMPLEMENTATIONS = YES;
				CLANG_WARN_DIRECT_OBJC_ISA_USAGE = YES_ERROR;
				CLANG_WARN_DOCUMENTATION_COMMENTS = YES;
				CLANG_WARN_EMPTY_BODY = YES;
				CLANG_WARN_ENUM_CONVERSION = YES;
				CLANG_WARN_INFINITE_RECURSION = YES;
				CLANG_WARN_INT_CONVERSION = YES;
				CLANG_WARN_NON_LITERAL_NULL_CONVERSION = YES;
				CLANG_WARN_OBJC_IMPLICIT_RETAIN_SELF = YES;
				CLANG_WARN_OBJC_LITERAL_CONVERSION = YES;
				CLANG_WARN_OBJC_ROOT_CLASS = YES_ERROR;
				CLANG_WARN_QUOTED_INCLUDE_IN_FRAMEWORK_HEADER = YES;
				CLANG_WARN_RANGE_LOOP_ANALYSIS = YES;
				CLANG_WARN_STRICT_PROTOTYPES = YES;
				CLANG_WARN_SUSPICIOUS_MOVE = YES;
				CLANG_WARN_UNGUARDED_AVAILABILITY = YES_AGGRESSIVE;
				CLANG_WARN_UNREACHABLE_CODE = YES;
				CLANG_WARN__DUPLICATE_METHOD_MATCH = YES;
				COPY_PHASE_STRIP = NO;
				DEBUG_INFORMATION_FORMAT = dwarf;
				ENABLE_STRICT_OBJC_MSGSEND = YES;
				ENABLE_TESTABILITY = YES;
				GCC_C_LANGUAGE_STANDARD = gnu11;
				GCC_DYNAMIC_NO_PIC = NO;
				GCC_NO_COMMON_BLOCKS = YES;
				GCC_OPTIMIZATION_LEVEL = 0;
				GCC_PREPROCESSOR_DEFINITIONS = (
					"DEBUG=1",
					"$(inherited)",
				);
				GCC_WARN_64_TO_32_BIT_CONVERSION = YES;
				GCC_WARN_ABOUT_RETURN_TYPE = YES_ERROR;
				GCC_WARN_UNDECLARED_SELECTOR = YES;
				GCC_WARN_UNINITIALIZED_AUTOS = YES_AGGRESSIVE;
				GCC_WARN_UNUSED_FUNCTION = YES;
				GCC_WARN_UNUSED_VARIABLE = YES;
				IPHONEOS_DEPLOYMENT_TARGET = 14.5;
				MTL_ENABLE_DEBUG_INFO = INCLUDE_SOURCE;
				MTL_FAST_MATH = YES;
				ONLY_ACTIVE_ARCH = YES;
				SDKROOT = iphoneos;
				SWIFT_ACTIVE_COMPILATION_CONDITIONS = DEBUG;
				SWIFT_OPTIMIZATION_LEVEL = "-Onone";
			};
			name = Debug;
		};
		8D1C93EA2683731800335710 /* Release */ = {
			isa = XCBuildConfiguration;
			buildSettings = {
				ALWAYS_SEARCH_USER_PATHS = NO;
				CLANG_ANALYZER_NONNULL = YES;
				CLANG_ANALYZER_NUMBER_OBJECT_CONVERSION = YES_AGGRESSIVE;
				CLANG_CXX_LANGUAGE_STANDARD = "gnu++14";
				CLANG_CXX_LIBRARY = "libc++";
				CLANG_ENABLE_MODULES = YES;
				CLANG_ENABLE_OBJC_ARC = YES;
				CLANG_ENABLE_OBJC_WEAK = YES;
				CLANG_WARN_BLOCK_CAPTURE_AUTORELEASING = YES;
				CLANG_WARN_BOOL_CONVERSION = YES;
				CLANG_WARN_COMMA = YES;
				CLANG_WARN_CONSTANT_CONVERSION = YES;
				CLANG_WARN_DEPRECATED_OBJC_IMPLEMENTATIONS = YES;
				CLANG_WARN_DIRECT_OBJC_ISA_USAGE = YES_ERROR;
				CLANG_WARN_DOCUMENTATION_COMMENTS = YES;
				CLANG_WARN_EMPTY_BODY = YES;
				CLANG_WARN_ENUM_CONVERSION = YES;
				CLANG_WARN_INFINITE_RECURSION = YES;
				CLANG_WARN_INT_CONVERSION = YES;
				CLANG_WARN_NON_LITERAL_NULL_CONVERSION = YES;
				CLANG_WARN_OBJC_IMPLICIT_RETAIN_SELF = YES;
				CLANG_WARN_OBJC_LITERAL_CONVERSION = YES;
				CLANG_WARN_OBJC_ROOT_CLASS = YES_ERROR;
				CLANG_WARN_QUOTED_INCLUDE_IN_FRAMEWORK_HEADER = YES;
				CLANG_WARN_RANGE_LOOP_ANALYSIS = YES;
				CLANG_WARN_STRICT_PROTOTYPES = YES;
				CLANG_WARN_SUSPICIOUS_MOVE = YES;
				CLANG_WARN_UNGUARDED_AVAILABILITY = YES_AGGRESSIVE;
				CLANG_WARN_UNREACHABLE_CODE = YES;
				CLANG_WARN__DUPLICATE_METHOD_MATCH = YES;
				COPY_PHASE_STRIP = NO;
				DEBUG_INFORMATION_FORMAT = "dwarf-with-dsym";
				ENABLE_NS_ASSERTIONS = NO;
				ENABLE_STRICT_OBJC_MSGSEND = YES;
				GCC_C_LANGUAGE_STANDARD = gnu11;
				GCC_NO_COMMON_BLOCKS = YES;
				GCC_WARN_64_TO_32_BIT_CONVERSION = YES;
				GCC_WARN_ABOUT_RETURN_TYPE = YES_ERROR;
				GCC_WARN_UNDECLARED_SELECTOR = YES;
				GCC_WARN_UNINITIALIZED_AUTOS = YES_AGGRESSIVE;
				GCC_WARN_UNUSED_FUNCTION = YES;
				GCC_WARN_UNUSED_VARIABLE = YES;
				IPHONEOS_DEPLOYMENT_TARGET = 14.5;
				MTL_ENABLE_DEBUG_INFO = NO;
				MTL_FAST_MATH = YES;
				SDKROOT = iphoneos;
				SWIFT_COMPILATION_MODE = wholemodule;
				SWIFT_OPTIMIZATION_LEVEL = "-O";
				VALIDATE_PRODUCT = YES;
			};
			name = Release;
		};
		8D1C93EC2683731800335710 /* Debug */ = {
			isa = XCBuildConfiguration;
			baseConfigurationReference = B1452C4C758058158D0A7D37 /* Pods-RealmExampleProject.debug.xcconfig */;
			buildSettings = {
				ASSETCATALOG_COMPILER_APPICON_NAME = AppIcon;
				ASSETCATALOG_COMPILER_GLOBAL_ACCENT_COLOR_NAME = AccentColor;
				CODE_SIGN_STYLE = Automatic;
				DEVELOPMENT_TEAM = UAGG6Y83F8;
				INFOPLIST_FILE = RealmExampleProject/Info.plist;
				LD_RUNPATH_SEARCH_PATHS = (
					"$(inherited)",
					"@executable_path/Frameworks",
				);
				PRODUCT_BUNDLE_IDENTIFIER = student.RealmExampleProject;
				PRODUCT_NAME = "$(TARGET_NAME)";
				SWIFT_VERSION = 5.0;
				TARGETED_DEVICE_FAMILY = "1,2";
			};
			name = Debug;
		};
		8D1C93ED2683731800335710 /* Release */ = {
			isa = XCBuildConfiguration;
			baseConfigurationReference = 64F6E764A2312F3401BA98E8 /* Pods-RealmExampleProject.release.xcconfig */;
			buildSettings = {
				ASSETCATALOG_COMPILER_APPICON_NAME = AppIcon;
				ASSETCATALOG_COMPILER_GLOBAL_ACCENT_COLOR_NAME = AccentColor;
				CODE_SIGN_STYLE = Automatic;
				DEVELOPMENT_TEAM = UAGG6Y83F8;
				INFOPLIST_FILE = RealmExampleProject/Info.plist;
				LD_RUNPATH_SEARCH_PATHS = (
					"$(inherited)",
					"@executable_path/Frameworks",
				);
				PRODUCT_BUNDLE_IDENTIFIER = student.RealmExampleProject;
				PRODUCT_NAME = "$(TARGET_NAME)";
				SWIFT_VERSION = 5.0;
				TARGETED_DEVICE_FAMILY = "1,2";
			};
			name = Release;
		};
/* End XCBuildConfiguration section */

/* Begin XCConfigurationList section */
		8D1C93D22683731400335710 /* Build configuration list for PBXProject "RealmExampleProject" */ = {
			isa = XCConfigurationList;
			buildConfigurations = (
				8D1C93E92683731800335710 /* Debug */,
				8D1C93EA2683731800335710 /* Release */,
			);
			defaultConfigurationIsVisible = 0;
			defaultConfigurationName = Release;
		};
		8D1C93EB2683731800335710 /* Build configuration list for PBXNativeTarget "RealmExampleProject" */ = {
			isa = XCConfigurationList;
			buildConfigurations = (
				8D1C93EC2683731800335710 /* Debug */,
				8D1C93ED2683731800335710 /* Release */,
			);
			defaultConfigurationIsVisible = 0;
			defaultConfigurationName = Release;
		};
/* End XCConfigurationList section */
	};
	rootObject = 8D1C93CF2683731400335710 /* Project object */;
}
